
Microsoft Visual Studio Solution File, Format Version 12.00
# Visual Studio Version 16
VisualStudioVersion = 16.0.30709.132
MinimumVisualStudioVersion = 10.0.40219.1
Project("{9A19103F-16F7-4668-BE54-9A1E7A4F7556}") = "SBLPIMIDTP", "SBLPIMIDTP.csproj", "{891A75EE-92C2-438B-8FC2-7D87444E0F31}"
EndProject
Project("{FAE04EC0-301F-11D3-BF4B-00C04F79EFBC}") = "IDTP.Models", "..\IDTP.Models\IDTP.Models.csproj", "{2D8F4AB7-7B17-4407-9FF1-D0EF1E9ACEA4}"
EndProject
Global
	GlobalSection(SolutionConfigurationPlatforms) = preSolution
		Debug|Any CPU = Debug|Any CPU
		Release|Any CPU = Release|Any CPU
	EndGlobalSection
	GlobalSection(ProjectConfigurationPlatforms) = postSolution
		{891A75EE-92C2-438B-8FC2-7D87444E0F31}.Debug|Any CPU.ActiveCfg = Debug|Any CPU
		{891A75EE-92C2-438B-8FC2-7D87444E0F31}.Debug|Any CPU.Build.0 = Debug|Any CPU
		{891A75EE-92C2-438B-8FC2-7D87444E0F31}.Release|Any CPU.ActiveCfg = Release|Any CPU
		{891A75EE-92C2-438B-8FC2-7D87444E0F31}.Release|Any CPU.Build.0 = Release|Any CPU
		{2D8F4AB7-7B17-4407-9FF1-D0EF1E9ACEA4}.Debug|Any CPU.ActiveCfg = Debug|Any CPU
		{2D8F4AB7-7B17-4407-9FF1-D0EF1E9ACEA4}.Debug|Any CPU.Build.0 = Debug|Any CPU
		{2D8F4AB7-7B17-4407-9FF1-D0EF1E9ACEA4}.Release|Any CPU.ActiveCfg = Release|Any CPU
		{2D8F4AB7-7B17-4407-9FF1-D0EF1E9ACEA4}.Release|Any CPU.Build.0 = Release|Any CPU
	EndGlobalSection
	GlobalSection(SolutionProperties) = preSolution
		HideSolutionNode = FALSE
	EndGlobalSection
	GlobalSection(ExtensibilityGlobals) = postSolution
		SolutionGuid = {40DBE419-18EF-4625-891C-ACD6F7B16965}
	EndGlobalSection
EndGlobal
